github.com/google/uuid v1.6.0 h1:NIvaJDMOsjHA8n1jAhLSgzrAzy1Hgr+hNrb57e+94F0=
github.com/google/uuid v1.6.0/go.mod h1:TIyPZe4MgqvfeYDBFedMoGGpEw/LqOeaOT+nhxU+yHo=
github.com/rhydori/logs v0.0.0-20251204173750-ad2c28bc8c1b h1:XA967G2aEd+EVYz352FkWNDPP7Elc7MAqsNLTcXchd0=
github.com/rhydori/logs v0.0.0-20251204173750-ad2c28bc8c1b/go.mod h1:x9aaC/GjR3e7auV+RBIHMzuaCD7OCS27ZOYXIvEoRlw=
